
Microsoft Visual Studio Solution File, Format Version 12.00
# Visual Studio Version 16
VisualStudioVersion = 16.0.30406.217
MinimumVisualStudioVersion = 10.0.40219.1
Project("{FAE04EC0-301F-11D3-BF4B-00C04F79EFBC}") = "API", "API\API.csproj", "{B61C6E6F-57A1-44E8-8163-04CB9AC71866}"
EndProject
Project("{FAE04EC0-301F-11D3-BF4B-00C04F79EFBC}") = "UI.Web", "UI.Web\UI.Web.csproj", "{BBEBED71-1122-414C-A82B-0BF8F45CFF6E}"
EndProject
Global
	GlobalSection(SolutionConfigurationPlatforms) = preSolution
		Debug|Any CPU = Debug|Any CPU
		Release|Any CPU = Release|Any CPU
	EndGlobalSection
	GlobalSection(ProjectConfigurationPlatforms) = postSolution
		{B61C6E6F-57A1-44E8-8163-04CB9AC71866}.Debug|Any CPU.ActiveCfg = Debug|Any CPU
		{B61C6E6F-57A1-44E8-8163-04CB9AC71866}.Debug|Any CPU.Build.0 = Debug|Any CPU
		{B61C6E6F-57A1-44E8-8163-04CB9AC71866}.Release|Any CPU.ActiveCfg = Release|Any CPU
		{B61C6E6F-57A1-44E8-8163-04CB9AC71866}.Release|Any CPU.Build.0 = Release|Any CPU
		{BBEBED71-1122-414C-A82B-0BF8F45CFF6E}.Debug|Any CPU.ActiveCfg = Debug|Any CPU
		{BBEBED71-1122-414C-A82B-0BF8F45CFF6E}.Debug|Any CPU.Build.0 = Debug|Any CPU
		{BBEBED71-1122-414C-A82B-0BF8F45CFF6E}.Release|Any CPU.ActiveCfg = Release|Any CPU
		{BBEBED71-1122-414C-A82B-0BF8F45CFF6E}.Release|Any CPU.Build.0 = Release|Any CPU
	EndGlobalSection
	GlobalSection(SolutionProperties) = preSolution
		HideSolutionNode = FALSE
	EndGlobalSection
	GlobalSection(ExtensibilityGlobals) = postSolution
		SolutionGuid = {D8AF07CB-0A59-4BEA-B83D-E3AC22677E00}
	EndGlobalSection
EndGlobal
